
Microsoft Visual Studio Solution File, Format Version 11.00
# Visual Studio 2010
Project("{FAE04EC0-301F-11D3-BF4B-00C04F79EFBC}") = "MockQuantiv", "MockQuantiv.Runtime\MockQuantiv.csproj", "{2563D0C5-3913-4934-A996-633B4ABBCF6E}"
EndProject
Project("{FAE04EC0-301F-11D3-BF4B-00C04F79EFBC}") = "QuantivContrib.Core", "QuantivContrib.Core\QuantivContrib.Core.csproj", "{D16006B1-5BD9-4877-8A32-BEA91241BBBF}"
EndProject
Project("{FAE04EC0-301F-11D3-BF4B-00C04F79EFBC}") = "QuantivContrib.Test.Unit", "QuantivContrib.Test.Unit\QuantivContrib.Test.Unit.csproj", "{8CFD02CB-5AF1-4C96-A848-20DF7B2C21D6}"
EndProject
Project("{FAE04EC0-301F-11D3-BF4B-00C04F79EFBC}") = "QuantivContrib.NHibernateCompatability", "QuantivContrib.NHibernateCompatability\QuantivContrib.NHibernateCompatability.csproj", "{CE962BD5-9C61-412A-96E6-BFE9B5B42695}"
EndProject
Project("{FAE04EC0-301F-11D3-BF4B-00C04F79EFBC}") = "QuantivContrib.NHibernateCompatability.Test.Unit", "QuantivContrib.NHibernateCompatability.Test.Unit\QuantivContrib.NHibernateCompatability.Test.Unit.csproj", "{639B92D1-A8C7-47C6-A6B6-6123F6BA495F}"
EndProject
Global
	GlobalSection(SolutionConfigurationPlatforms) = preSolution
		Debug|Any CPU = Debug|Any CPU
		Release|Any CPU = Release|Any CPU
	EndGlobalSection
	GlobalSection(ProjectConfigurationPlatforms) = postSolution
		{2563D0C5-3913-4934-A996-633B4ABBCF6E}.Debug|Any CPU.ActiveCfg = Debug|Any CPU
		{2563D0C5-3913-4934-A996-633B4ABBCF6E}.Debug|Any CPU.Build.0 = Debug|Any CPU
		{2563D0C5-3913-4934-A996-633B4ABBCF6E}.Release|Any CPU.ActiveCfg = Release|Any CPU
		{2563D0C5-3913-4934-A996-633B4ABBCF6E}.Release|Any CPU.Build.0 = Release|Any CPU
		{D16006B1-5BD9-4877-8A32-BEA91241BBBF}.Debug|Any CPU.ActiveCfg = Debug|Any CPU
		{D16006B1-5BD9-4877-8A32-BEA91241BBBF}.Debug|Any CPU.Build.0 = Debug|Any CPU
		{D16006B1-5BD9-4877-8A32-BEA91241BBBF}.Release|Any CPU.ActiveCfg = Release|Any CPU
		{D16006B1-5BD9-4877-8A32-BEA91241BBBF}.Release|Any CPU.Build.0 = Release|Any CPU
		{8CFD02CB-5AF1-4C96-A848-20DF7B2C21D6}.Debug|Any CPU.ActiveCfg = Debug|Any CPU
		{8CFD02CB-5AF1-4C96-A848-20DF7B2C21D6}.Debug|Any CPU.Build.0 = Debug|Any CPU
		{8CFD02CB-5AF1-4C96-A848-20DF7B2C21D6}.Release|Any CPU.ActiveCfg = Release|Any CPU
		{8CFD02CB-5AF1-4C96-A848-20DF7B2C21D6}.Release|Any CPU.Build.0 = Release|Any CPU
		{CE962BD5-9C61-412A-96E6-BFE9B5B42695}.Debug|Any CPU.ActiveCfg = Debug|Any CPU
		{CE962BD5-9C61-412A-96E6-BFE9B5B42695}.Debug|Any CPU.Build.0 = Debug|Any CPU
		{CE962BD5-9C61-412A-96E6-BFE9B5B42695}.Release|Any CPU.ActiveCfg = Release|Any CPU
		{CE962BD5-9C61-412A-96E6-BFE9B5B42695}.Release|Any CPU.Build.0 = Release|Any CPU
		{639B92D1-A8C7-47C6-A6B6-6123F6BA495F}.Debug|Any CPU.ActiveCfg = Debug|Any CPU
		{639B92D1-A8C7-47C6-A6B6-6123F6BA495F}.Debug|Any CPU.Build.0 = Debug|Any CPU
		{639B92D1-A8C7-47C6-A6B6-6123F6BA495F}.Release|Any CPU.ActiveCfg = Release|Any CPU
		{639B92D1-A8C7-47C6-A6B6-6123F6BA495F}.Release|Any CPU.Build.0 = Release|Any CPU
	EndGlobalSection
	GlobalSection(SolutionProperties) = preSolution
		HideSolutionNode = FALSE
	EndGlobalSection
EndGlobal
